<?xml version="1.0" encoding="utf-8"?>
<Project ToolsVersion="4.0" xmlns="http://schemas.microsoft.com/developer/msbuild/2003">
  <ItemGroup>
    <Filter Include="Source Files">
      <UniqueIdentifier>{4FC737F1-C7A5-4376-A066-2A32D752A2FF}</UniqueIdentifier>
      <Extensions>cpp;c;cc;cxx;c++;def;odl;idl;hpj;bat;asm;asmx</Extensions>
    </Filter>
    <Filter Include="Header Files">
      <UniqueIdentifier>{93995380-89BD-4b04-88EB-625FBE52EBFB}</UniqueIdentifier>
      <Extensions>h;hh;hpp;hxx;h++;hm;inl;inc;ipp;xsd</Extensions>
    </Filter>
    <Filter Include="Resource Files">
      <UniqueIdentifier>{67DA6AB6-F800-4c08-8B7A-83BB121AAD01}</UniqueIdentifier>
      <Extensions>rc;ico;cur;bmp;dlg;rc2;rct;bin;rgs;gif;jpg;jpeg;jpe;resx;tiff;tif;png;wav;mfcribbon-ms</Extensions>
    </Filter>
  </ItemGroup>
  <ItemGroup>
    <ClCompile Include="..\source\CPUGPUMemory.cc">
      <Filter>Source Files</Filter>
    </ClCompile>
    <ClCompile Include="..\source\DataBatch.cc">
      <Filter>Source Files</Filter>
    </ClCompile>
    <ClCompile Include="..\source\DataSet.cc">
      <Filter>Source Files</Filter>
    </ClCompile>
    <ClCompile Include="..\source\DNN.cc">
      <Filter>Source Files</Filter>
    </ClCompile>
    <ClCompile Include="..\source\DNNLayer.cc">
      <Filter>Source Files</Filter>
    </ClCompile>
    <ClCompile Include="..\source\DNNLayerAnd.cc">
      <Filter>Source Files</Filter>
    </ClCompile>
    <ClCompile Include="..\source\DNNLayerConvolution.cc">
      <Filter>Source Files</Filter>
    </ClCompile>
    <ClCompile Include="..\source\DNNLayerDropout.cc">
      <Filter>Source Files</Filter>
    </ClCompile>
    <ClCompile Include="..\source\DNNLayerError.cc">
      <Filter>Source Files</Filter>
    </ClCompile>
    <ClCompile Include="..\source\DNNLayerMatrix.cc">
      <Filter>Source Files</Filter>
    </ClCompile>
    <ClCompile Include="..\source\DNNLayerMax.cc">
      <Filter>Source Files</Filter>
    </ClCompile>
    <ClCompile Include="..\source\DNNLayerMovieUser.cc">
      <Filter>Source Files</Filter>
    </ClCompile>
    <ClCompile Include="..\source\DNNLayerPreprocess.cc">
      <Filter>Source Files</Filter>
    </ClCompile>
    <ClCompile Include="..\source\DNNLayerRelu.cc">
      <Filter>Source Files</Filter>
    </ClCompile>
    <ClCompile Include="..\source\DNNLayerSigmoid.cc">
      <Filter>Source Files</Filter>
    </ClCompile>
    <ClCompile Include="..\source\DNNLayerSoftMax.cc">
      <Filter>Source Files</Filter>
    </ClCompile>
    <ClCompile Include="..\source\GPU.cc">
      <Filter>Source Files</Filter>
    </ClCompile>
    <ClCompile Include="..\source\main.cc">
      <Filter>Source Files</Filter>
    </ClCompile>
    <ClCompile Include="..\source\RandUtils.cc">
      <Filter>Source Files</Filter>
    </ClCompile>
    <ClCompile Include="..\source\StringUtils.cc">
      <Filter>Source Files</Filter>
    </ClCompile>
  </ItemGroup>
  <ItemGroup>
    <ClInclude Include="..\source\CPUGPUMemory.h">
      <Filter>Header Files</Filter>
    </ClInclude>
    <ClInclude Include="..\source\DataBatch.h">
      <Filter>Header Files</Filter>
    </ClInclude>
    <ClInclude Include="..\source\DataSet.h">
      <Filter>Header Files</Filter>
    </ClInclude>
    <ClInclude Include="..\source\DNN.h">
      <Filter>Header Files</Filter>
    </ClInclude>
    <ClInclude Include="..\source\DNNLayer.h">
      <Filter>Header Files</Filter>
    </ClInclude>
    <ClInclude Include="..\source\DNNLayerAnd.h">
      <Filter>Header Files</Filter>
    </ClInclude>
    <ClInclude Include="..\source\DNNLayerConvolution.h">
      <Filter>Header Files</Filter>
    </ClInclude>
    <ClInclude Include="..\source\DNNLayerDropout.h">
      <Filter>Header Files</Filter>
    </ClInclude>
    <ClInclude Include="..\source\DNNLayerError.h">
      <Filter>Header Files</Filter>
    </ClInclude>
    <ClInclude Include="..\source\DNNLayerMatrix.h">
      <Filter>Header Files</Filter>
    </ClInclude>
    <ClInclude Include="..\source\DNNLayerMax.h">
      <Filter>Header Files</Filter>
    </ClInclude>
    <ClInclude Include="..\source\DNNLayerMovieUser.h">
      <Filter>Header Files</Filter>
    </ClInclude>
    <ClInclude Include="..\source\DNNLayerPreprocess.h">
      <Filter>Header Files</Filter>
    </ClInclude>
    <ClInclude Include="..\source\DNNLayerRelu.h">
      <Filter>Header Files</Filter>
    </ClInclude>
    <ClInclude Include="..\source\DNNLayerSigmoid.h">
      <Filter>Header Files</Filter>
    </ClInclude>
    <ClInclude Include="..\source\DNNLayerSoftMax.h">
      <Filter>Header Files</Filter>
    </ClInclude>
    <ClInclude Include="..\source\GPU.h">
      <Filter>Header Files</Filter>
    </ClInclude>
    <ClInclude Include="..\source\RandUtils.h">
      <Filter>Header Files</Filter>
    </ClInclude>
    <ClInclude Include="..\source\StringUtils.h">
      <Filter>Header Files</Filter>
    </ClInclude>
  </ItemGroup>
  <ItemGroup>
    <None Include="..\source\kernels.cl">
      <Filter>Resource Files</Filter>
    </None>
  </ItemGroup>
</Project>